<?xml version="1.0" encoding="utf-8"?>
<Project ToolsVersion="4.0" xmlns="http://schemas.microsoft.com/developer/msbuild/2003">
  <ItemGroup>
    <Filter Include="Arquivos de Origem">
      <UniqueIdentifier>{4FC737F1-C7A5-4376-A066-2A32D752A2FF}</UniqueIdentifier>
      <Extensions>cpp;c;cc;cxx;c++;cppm;ixx;def;odl;idl;hpj;bat;asm;asmx</Extensions>
    </Filter>
    <Filter Include="Arquivos de Cabeçalho">
      <UniqueIdentifier>{93995380-89BD-4b04-88EB-625FBE52EBFB}</UniqueIdentifier>
      <Extensions>h;hh;hpp;hxx;h++;hm;inl;inc;ipp;xsd</Extensions>
    </Filter>
    <Filter Include="Arquivos de Recurso">
      <UniqueIdentifier>{67DA6AB6-F800-4c08-8B7A-83BB121AAD01}</UniqueIdentifier>
      <Extensions>rc;ico;cur;bmp;dlg;rc2;rct;bin;rgs;gif;jpg;jpeg;jpe;resx;tiff;tif;png;wav;mfcribbon-ms</Extensions>
    </Filter>
    <Filter Include="src">
      <UniqueIdentifier>{bbb84574-1cab-4082-bcd7-9f762ec7413a}</UniqueIdentifier>
    </Filter>
    <Filter Include="src\System">
      <UniqueIdentifier>{e659b972-ca90-45cb-b9e4-4a1519f7bb44}</UniqueIdentifier>
    </Filter>
    <Filter Include="src\System\Bootstrap">
      <UniqueIdentifier>{a36b567c-9e2f-48bf-a504-b65da9a8bb61}</UniqueIdentifier>
    </Filter>
    <Filter Include="src\System\Handle">
      <UniqueIdentifier>{e536c05a-0f0e-4041-8989-25d96489e448}</UniqueIdentifier>
    </Filter>
    <Filter Include="src\Source">
      <UniqueIdentifier>{69fb28a3-de2d-4d32-86ab-1562d06fe0e7}</UniqueIdentifier>
    </Filter>
    <Filter Include="src\Source\Stream">
      <UniqueIdentifier>{4d101548-8c34-4e65-94b1-20009fb700b8}</UniqueIdentifier>
    </Filter>
    <Filter Include="src\System\System">
      <UniqueIdentifier>{828c7721-8585-4863-b1f0-dc29bd84852c}</UniqueIdentifier>
    </Filter>
    <Filter Include="src\Source\Util">
      <UniqueIdentifier>{ccb34ae1-ef92-468b-9dcd-de0f4590ef0e}</UniqueIdentifier>
    </Filter>
    <Filter Include="src\Source\Cmds">
      <UniqueIdentifier>{e8f306a0-d11d-47a2-9483-89d957f0aefa}</UniqueIdentifier>
    </Filter>
    <Filter Include="src\Source\Cmds\Diagnostic">
      <UniqueIdentifier>{6e5a8fab-e027-4090-b368-7db7d81a5376}</UniqueIdentifier>
    </Filter>
    <Filter Include="src\Source\Data">
      <UniqueIdentifier>{7dec91ae-bc8e-42ca-adbc-97ba2c0d5a8a}</UniqueIdentifier>
    </Filter>
    <Filter Include="src\Source\Data\Shortcut">
      <UniqueIdentifier>{1e948339-095b-418d-a842-2a361b8c0736}</UniqueIdentifier>
    </Filter>
    <Filter Include="src\Source\Operator">
      <UniqueIdentifier>{59d0a4e6-6c98-4758-9a52-1643517c89b5}</UniqueIdentifier>
    </Filter>
    <Filter Include="src\Source\Data\Function">
      <UniqueIdentifier>{2af0b726-ba37-4601-9723-81ca0f586360}</UniqueIdentifier>
    </Filter>
    <Filter Include="src\System\Exec">
      <UniqueIdentifier>{75274cf7-1d47-453c-a8a0-12b82ef95c98}</UniqueIdentifier>
    </Filter>
    <Filter Include="src\Source\Stream\Itellisense">
      <UniqueIdentifier>{62de4690-d328-4e90-be40-497c1a76d0d1}</UniqueIdentifier>
    </Filter>
  </ItemGroup>
  <ItemGroup>
    <ClCompile Include="main.cpp">
      <Filter>Arquivos de Origem</Filter>
    </ClCompile>
  </ItemGroup>
  <ItemGroup>
    <ClInclude Include="src\System\Bootstrap\bootstrap.h">
      <Filter>src\System\Bootstrap</Filter>
    </ClInclude>
    <ClInclude Include="src\System\Handle\path_handling.h">
      <Filter>src\System\Handle</Filter>
    </ClInclude>
    <ClInclude Include="src\Source\Stream\ostream_clr.h">
      <Filter>src\Source\Stream</Filter>
    </ClInclude>
    <ClInclude Include="src\Source\Stream\ostream_snippet.h">
      <Filter>src\Source\Stream</Filter>
    </ClInclude>
    <ClInclude Include="src\System\System\system_err.h">
      <Filter>src\System\System</Filter>
    </ClInclude>
    <ClInclude Include="src\System\System\system.h">
      <Filter>src\System\System</Filter>
    </ClInclude>
    <ClInclude Include="src\Source\Stream\istream.h">
      <Filter>src\Source\Stream</Filter>
    </ClInclude>
    <ClInclude Include="src\Source\Util\string_util.h">
      <Filter>src\Source\Util</Filter>
    </ClInclude>
    <ClInclude Include="src\Source\Cmds\commands.h">
      <Filter>src\Source\Cmds</Filter>
    </ClInclude>
    <ClInclude Include="src\Source\Cmds\cmd_data.h">
      <Filter>src\Source\Cmds</Filter>
    </ClInclude>
    <ClInclude Include="src\Source\Util\cmd_util.h">
      <Filter>src\Source\Util</Filter>
    </ClInclude>
    <ClInclude Include="src\Source\Util\filesys_util.h">
      <Filter>src\Source\Util</Filter>
    </ClInclude>
    <ClInclude Include="src\Source\Cmds\cmd_args.h">
      <Filter>src\Source\Cmds</Filter>
    </ClInclude>
    <ClInclude Include="src\Source\Cmds\cmd_flag.h">
      <Filter>src\Source\Cmds</Filter>
    </ClInclude>
    <ClInclude Include="src\Source\Cmds\Diagnostic\diag_data.h">
      <Filter>src\Source\Cmds\Diagnostic</Filter>
    </ClInclude>
    <ClInclude Include="src\System\System\system_warn.h">
      <Filter>src\System\System</Filter>
    </ClInclude>
    <ClInclude Include="src\Source\Data\Shortcut\shortcut.h">
      <Filter>src\Source\Data\Shortcut</Filter>
    </ClInclude>
    <ClInclude Include="src\Source\Data\data.h">
      <Filter>src\Source\Data</Filter>
    </ClInclude>
    <ClInclude Include="src\Source\Operator\operator.h">
      <Filter>src\Source\Operator</Filter>
    </ClInclude>
    <ClInclude Include="src\Source\Data\Function\function.h">
      <Filter>src\Source\Data\Function</Filter>
    </ClInclude>
    <ClInclude Include="src\System\Exec\exec.h">
      <Filter>src\System\Exec</Filter>
    </ClInclude>
    <ClInclude Include="src\Source\Util\array_util.h">
      <Filter>src\Source\Util</Filter>
    </ClInclude>
    <ClInclude Include="src\System\System\system_ask.h">
      <Filter>src\System\System</Filter>
    </ClInclude>
    <ClInclude Include="src\Source\Util\memory_util.h">
      <Filter>src\Source\Util</Filter>
    </ClInclude>
    <ClInclude Include="src\System\Bootstrap\bootstrap_mode.h">
      <Filter>src\System\Bootstrap</Filter>
    </ClInclude>
    <ClInclude Include="src\System\Bootstrap\bootstrap_flag.h">
      <Filter>src\System\Bootstrap</Filter>
    </ClInclude>
    <ClInclude Include="src\Source\Util\system_util.h">
      <Filter>src\Source\Util</Filter>
    </ClInclude>
    <ClInclude Include="src\Source\Stream\Itellisense\itellisense.h">
      <Filter>src\Source\Stream\Itellisense</Filter>
    </ClInclude>
    <ClInclude Include="src\Source\Stream\Itellisense\itellisense_buffer.h">
      <Filter>src\Source\Stream\Itellisense</Filter>
    </ClInclude>
  </ItemGroup>
</Project>